Microsoft Visual Studio Solution File, Format Version 12.00
# Visual Studio Version 17
VisualStudioVersion = 17.5.2.0
MinimumVisualStudioVersion = 10.0.40219.1
Project("{FAE04EC0-301F-11D3-BF4B-00C04F79EFBC}") = "kv-be-csharp-dotnet-dataapi-collections", "kv-be-csharp-dotnet-dataapi-collections.csproj", "{B941E876-4407-6F7C-B5C1-48CF1CAF8C4A}"
EndProject
Global
	GlobalSection(SolutionConfigurationPlatforms) = preSolution
		Debug|Any CPU = Debug|Any CPU
		Release|Any CPU = Release|Any CPU
	EndGlobalSection
	GlobalSection(ProjectConfigurationPlatforms) = postSolution
		{B941E876-4407-6F7C-B5C1-48CF1CAF8C4A}.Debug|Any CPU.ActiveCfg = Debug|Any CPU
		{B941E876-4407-6F7C-B5C1-48CF1CAF8C4A}.Debug|Any CPU.Build.0 = Debug|Any CPU
		{B941E876-4407-6F7C-B5C1-48CF1CAF8C4A}.Release|Any CPU.ActiveCfg = Release|Any CPU
		{B941E876-4407-6F7C-B5C1-48CF1CAF8C4A}.Release|Any CPU.Build.0 = Release|Any CPU
	EndGlobalSection
	GlobalSection(SolutionProperties) = preSolution
		HideSolutionNode = FALSE
	EndGlobalSection
	GlobalSection(ExtensibilityGlobals) = postSolution
		SolutionGuid = {84923395-4C90-45DC-9545-64696E1BC4C5}
	EndGlobalSection
EndGlobal
